{
  "name": "jsxmlfmt",
  "version": "0.0.1",
  "lockfileVersion": 1,
  "requires": true,
  "dependencies": {
    "xml-formatter": {
      "version": "2.4.0",
      "resolved": "https://registry.npmjs.org/xml-formatter/-/xml-formatter-2.4.0.tgz",
      "integrity": "sha512-xTQ2IfbkCQKn0DGN5SD5KUgTgVohWiolyOXTLUHKJczIuSeGonN0BPduB9VQR5HOEuT1KOHQsOHSmTpU76zpUA==",
      "requires": {
        "xml-parser-xo": "^3.1.1"
      }
    },
    "xml-parser-xo": {
      "version": "3.1.1",
      "resolved": "https://registry.npmjs.org/xml-parser-xo/-/xml-parser-xo-3.1.1.tgz",
      "integrity": "sha512-gq1nDlJxjKQpPPZUhLbJ52pghtlB4Rz6LAQULm3SF6xzOYVnUloBglNhJR9vtZB3vIxMN/R3nZTf3qmun+6GCg=="
    }
  }
}
